
Microsoft Visual Studio Solution File, Format Version 12.00
# Visual Studio Version 17
VisualStudioVersion = 17.2.32630.192
MinimumVisualStudioVersion = 10.0.40219.1
Project("{9A19103F-16F7-4668-BE54-9A1E7A4F7556}") = "PasswordGeneratorLibriary", "PasswordGeneratorLibriary\PasswordGeneratorLibriary.csproj", "{145ED75B-D8A1-446D-B458-BD1DC61DE9E2}"
EndProject
Project("{FAE04EC0-301F-11D3-BF4B-00C04F79EFBC}") = "ExampleApp", "ExampleApp\ExampleApp.csproj", "{B2A17FD4-4679-4F1C-B435-EF97D274D489}"
EndProject
Global
	GlobalSection(SolutionConfigurationPlatforms) = preSolution
		Debug|Any CPU = Debug|Any CPU
		Release|Any CPU = Release|Any CPU
	EndGlobalSection
	GlobalSection(ProjectConfigurationPlatforms) = postSolution
		{145ED75B-D8A1-446D-B458-BD1DC61DE9E2}.Debug|Any CPU.ActiveCfg = Debug|Any CPU
		{145ED75B-D8A1-446D-B458-BD1DC61DE9E2}.Debug|Any CPU.Build.0 = Debug|Any CPU
		{145ED75B-D8A1-446D-B458-BD1DC61DE9E2}.Release|Any CPU.ActiveCfg = Release|Any CPU
		{145ED75B-D8A1-446D-B458-BD1DC61DE9E2}.Release|Any CPU.Build.0 = Release|Any CPU
		{B2A17FD4-4679-4F1C-B435-EF97D274D489}.Debug|Any CPU.ActiveCfg = Debug|Any CPU
		{B2A17FD4-4679-4F1C-B435-EF97D274D489}.Debug|Any CPU.Build.0 = Debug|Any CPU
		{B2A17FD4-4679-4F1C-B435-EF97D274D489}.Release|Any CPU.ActiveCfg = Release|Any CPU
		{B2A17FD4-4679-4F1C-B435-EF97D274D489}.Release|Any CPU.Build.0 = Release|Any CPU
	EndGlobalSection
	GlobalSection(SolutionProperties) = preSolution
		HideSolutionNode = FALSE
	EndGlobalSection
	GlobalSection(ExtensibilityGlobals) = postSolution
		SolutionGuid = {8F4C7337-C23B-4313-B18B-9379C2FCFF15}
	EndGlobalSection
EndGlobal
